
Microsoft Visual Studio Solution File, Format Version 12.00
# Visual Studio Version 17
VisualStudioVersion = 17.13.35828.75 d17.13
MinimumVisualStudioVersion = 10.0.40219.1
Project("{FAE04EC0-301F-11D3-BF4B-00C04F79EFBC}") = "CodeChallenge2", "CodeChallenge2\CodeChallenge2.csproj", "{4939D45F-8BD5-4CFB-A75C-3D38A9FACE88}"
EndProject
Global
	GlobalSection(SolutionConfigurationPlatforms) = preSolution
		Debug|Any CPU = Debug|Any CPU
		Release|Any CPU = Release|Any CPU
	EndGlobalSection
	GlobalSection(ProjectConfigurationPlatforms) = postSolution
		{4939D45F-8BD5-4CFB-A75C-3D38A9FACE88}.Debug|Any CPU.ActiveCfg = Debug|Any CPU
		{4939D45F-8BD5-4CFB-A75C-3D38A9FACE88}.Debug|Any CPU.Build.0 = Debug|Any CPU
		{4939D45F-8BD5-4CFB-A75C-3D38A9FACE88}.Release|Any CPU.ActiveCfg = Release|Any CPU
		{4939D45F-8BD5-4CFB-A75C-3D38A9FACE88}.Release|Any CPU.Build.0 = Release|Any CPU
	EndGlobalSection
	GlobalSection(SolutionProperties) = preSolution
		HideSolutionNode = FALSE
	EndGlobalSection
	GlobalSection(ExtensibilityGlobals) = postSolution
		SolutionGuid = {760C8190-6BDA-4B94-B84A-4DF7EAFC2D3C}
	EndGlobalSection
EndGlobal
